// !$*UTF8*$!
{
	archiveVersion = 1;
	classes = {
	};
	objectVersion = 50;
	objects = {

/* Begin PBXBuildFile section */
		6945F91A2278BBC70097BBEB /* AppDelegate.swift in Sources */ = {isa = PBXBuildFile; fileRef = 6945F9192278BBC70097BBEB /* AppDelegate.swift */; };
		6945F91C2278BBC70097BBEB /* ViewController.swift in Sources */ = {isa = PBXBuildFile; fileRef = 6945F91B2278BBC70097BBEB /* ViewController.swift */; };
		6945F91F2278BBC70097BBEB /* Main.storyboard in Resources */ = {isa = PBXBuildFile; fileRef = 6945F91D2278BBC70097BBEB /* Main.storyboard */; };
		6945F9212278BBD00097BBEB /* Assets.xcassets in Resources */ = {isa = PBXBuildFile; fileRef = 6945F9202278BBD00097BBEB /* Assets.xcassets */; };
		6945F9242278BBD00097BBEB /* LaunchScreen.storyboard in Resources */ = {isa = PBXBuildFile; fileRef = 6945F9222278BBD00097BBEB /* LaunchScreen.storyboard */; };
		6945F9302278CF930097BBEB /* Question.swift in Sources */ = {isa = PBXBuildFile; fileRef = 6945F92F2278CF930097BBEB /* Question.swift */; };
		6945F9322278CFD20097BBEB /* ResponseType.swift in Sources */ = {isa = PBXBuildFile; fileRef = 6945F9312278CFD20097BBEB /* ResponseType.swift */; };
		6945F9342278D0110097BBEB /* Answer.swift in Sources */ = {isa = PBXBuildFile; fileRef = 6945F9332278D0110097BBEB /* Answer.swift */; };
		6945F9362278D0390097BBEB /* AnimalType.swift in Sources */ = {isa = PBXBuildFile; fileRef = 6945F9352278D0390097BBEB /* AnimalType.swift */; };
/* End PBXBuildFile section */

/* Begin PBXFileReference section */
		6945F9162278BBC70097BBEB /* Personal Quiz.app */ = {isa = PBXFileReference; explicitFileType = wrapper.application; includeInIndex = 0; path = "Personal Quiz.app"; sourceTree = BUILT_PRODUCTS_DIR; };
		6945F9192278BBC70097BBEB /* AppDelegate.swift */ = {isa = PBXFileReference; lastKnownFileType = sourcecode.swift; path = AppDelegate.swift; sourceTree = "<group>"; };
		6945F91B2278BBC70097BBEB /* ViewController.swift */ = {isa = PBXFileReference; lastKnownFileType = sourcecode.swift; path = ViewController.swift; sourceTree = "<group>"; };
		6945F91E2278BBC70097BBEB /* Base */ = {isa = PBXFileReference; lastKnownFileType = file.storyboard; name = Base; path = Base.lproj/Main.storyboard; sourceTree = "<group>"; };
		6945F9202278BBD00097BBEB /* Assets.xcassets */ = {isa = PBXFileReference; lastKnownFileType = folder.assetcatalog; path = Assets.xcassets; sourceTree = "<group>"; };
		6945F9232278BBD00097BBEB /* Base */ = {isa = PBXFileReference; lastKnownFileType = file.storyboard; name = Base; path = Base.lproj/LaunchScreen.storyboard; sourceTree = "<group>"; };
		6945F9252278BBD00097BBEB /* Info.plist */ = {isa = PBXFileReference; lastKnownFileType = text.plist.xml; path = Info.plist; sourceTree = "<group>"; };
		6945F92F2278CF930097BBEB /* Question.swift */ = {isa = PBXFileReference; lastKnownFileType = sourcecode.swift; path = Question.swift; sourceTree = "<group>"; };
		6945F9312278CFD20097BBEB /* ResponseType.swift */ = {isa = PBXFileReference; lastKnownFileType = sourcecode.swift; path = ResponseType.swift; sourceTree = "<group>"; };
		6945F9332278D0110097BBEB /* Answer.swift */ = {isa = PBXFileReference; lastKnownFileType = sourcecode.swift; path = Answer.swift; sourceTree = "<group>"; };
		6945F9352278D0390097BBEB /* AnimalType.swift */ = {isa = PBXFileReference; lastKnownFileType = sourcecode.swift; path = AnimalType.swift; sourceTree = "<group>"; };
/* End PBXFileReference section */

/* Begin PBXFrameworksBuildPhase section */
		6945F9132278BBC70097BBEB /* Frameworks */ = {
			isa = PBXFrameworksBuildPhase;
			buildActionMask = 2147483647;
			files = (
			);
			runOnlyForDeploymentPostprocessing = 0;
		};
/* End PBXFrameworksBuildPhase section */

/* Begin PBXGroup section */
		6945F90D2278BBC70097BBEB = {
			isa = PBXGroup;
			children = (
				6945F9182278BBC70097BBEB /* Personal Quiz */,
				6945F9172278BBC70097BBEB /* Products */,
			);
			sourceTree = "<group>";
		};
		6945F9172278BBC70097BBEB /* Products */ = {
			isa = PBXGroup;
			children = (
				6945F9162278BBC70097BBEB /* Personal Quiz.app */,
			);
			name = Products;
			sourceTree = "<group>";
		};
		6945F9182278BBC70097BBEB /* Personal Quiz */ = {
			isa = PBXGroup;
			children = (
				6945F92B2278CDDC0097BBEB /* Model */,
				6945F92C2278CDE80097BBEB /* View */,
				6945F92D2278CDEE0097BBEB /* Controller */,
				6945F92E2278CE9D0097BBEB /* Supporting Files */,
			);
			path = "Personal Quiz";
			sourceTree = "<group>";
		};
		6945F92B2278CDDC0097BBEB /* Model */ = {
			isa = PBXGroup;
			children = (
				6945F9352278D0390097BBEB /* AnimalType.swift */,
				6945F9332278D0110097BBEB /* Answer.swift */,
				6945F92F2278CF930097BBEB /* Question.swift */,
				6945F9312278CFD20097BBEB /* ResponseType.swift */,
			);
			path = Model;
			sourceTree = "<group>";
		};
		6945F92C2278CDE80097BBEB /* View */ = {
			isa = PBXGroup;
			children = (
				6945F91D2278BBC70097BBEB /* Main.storyboard */,
				6945F9222278BBD00097BBEB /* LaunchScreen.storyboard */,
			);
			path = View;
			sourceTree = "<group>";
		};
		6945F92D2278CDEE0097BBEB /* Controller */ = {
			isa = PBXGroup;
			children = (
				6945F91B2278BBC70097BBEB /* ViewController.swift */,
			);
			path = Controller;
			sourceTree = "<group>";
		};
		6945F92E2278CE9D0097BBEB /* Supporting Files */ = {
			isa = PBXGroup;
			children = (
				6945F9192278BBC70097BBEB /* AppDelegate.swift */,
				6945F9202278BBD00097BBEB /* Assets.xcassets */,
				6945F9252278BBD00097BBEB /* Info.plist */,
			);
			path = "Supporting Files";
			sourceTree = "<group>";
		};
/* End PBXGroup section */

/* Begin PBXNativeTarget section */
		6945F9152278BBC70097BBEB /* Personal Quiz */ = {
			isa = PBXNativeTarget;
			buildConfigurationList = 6945F9282278BBD00097BBEB /* Build configuration list for PBXNativeTarget "Personal Quiz" */;
			buildPhases = (
				6945F9122278BBC70097BBEB /* Sources */,
				6945F9132278BBC70097BBEB /* Frameworks */,
				6945F9142278BBC70097BBEB /* Resources */,
			);
			buildRules = (
			);
			dependencies = (
			);
			name = "Personal Quiz";
			productName = "Personal Quiz";
			productReference = 6945F9162278BBC70097BBEB /* Personal Quiz.app */;
			productType = "com.apple.product-type.application";
		};
/* End PBXNativeTarget section */

/* Begin PBXProject section */
		6945F90E2278BBC70097BBEB /* Project object */ = {
			isa = PBXProject;
			attributes = {
				LastSwiftUpdateCheck = 1020;
				LastUpgradeCheck = 1020;
				ORGANIZATIONNAME = "Denis Bystruev";
				TargetAttributes = {
					6945F9152278BBC70097BBEB = {
						CreatedOnToolsVersion = 10.2.1;
					};
				};
			};
			buildConfigurationList = 6945F9112278BBC70097BBEB /* Build configuration list for PBXProject "Personal Quiz" */;
			compatibilityVersion = "Xcode 9.3";
			developmentRegion = en;
			hasScannedForEncodings = 0;
			knownRegions = (
				en,
				Base,
			);
			mainGroup = 6945F90D2278BBC70097BBEB;
			productRefGroup = 6945F9172278BBC70097BBEB /* Products */;
			projectDirPath = "";
			projectRoot = "";
			targets = (
				6945F9152278BBC70097BBEB /* Personal Quiz */,
			);
		};
/* End PBXProject section */

/* Begin PBXResourcesBuildPhase section */
		6945F9142278BBC70097BBEB /* Resources */ = {
			isa = PBXResourcesBuildPhase;
			buildActionMask = 2147483647;
			files = (
				6945F9242278BBD00097BBEB /* LaunchScreen.storyboard in Resources */,
				6945F9212278BBD00097BBEB /* Assets.xcassets in Resources */,
				6945F91F2278BBC70097BBEB /* Main.storyboard in Resources */,
			);
			runOnlyForDeploymentPostprocessing = 0;
		};
/* End PBXResourcesBuildPhase section */

/* Begin PBXSourcesBuildPhase section */
		6945F9122278BBC70097BBEB /* Sources */ = {
			isa = PBXSourcesBuildPhase;
			buildActionMask = 2147483647;
			files = (
				6945F9302278CF930097BBEB /* Question.swift in Sources */,
				6945F91C2278BBC70097BBEB /* ViewController.swift in Sources */,
				6945F9342278D0110097BBEB /* Answer.swift in Sources */,
				6945F9322278CFD20097BBEB /* ResponseType.swift in Sources */,
				6945F91A2278BBC70097BBEB /* AppDelegate.swift in Sources */,
				6945F9362278D0390097BBEB /* AnimalType.swift in Sources */,
			);
			runOnlyForDeploymentPostprocessing = 0;
		};
/* End PBXSourcesBuildPhase section */

/* Begin PBXVariantGroup section */
		6945F91D2278BBC70097BBEB /* Main.storyboard */ = {
			isa = PBXVariantGroup;
			children = (
				6945F91E2278BBC70097BBEB /* Base */,
			);
			name = Main.storyboard;
			sourceTree = "<group>";
		};
		6945F9222278BBD00097BBEB /* LaunchScreen.storyboard */ = {
			isa = PBXVariantGroup;
			children = (
				6945F9232278BBD00097BBEB /* Base */,
			);
			name = LaunchScreen.storyboard;
			sourceTree = "<group>";
		};
/* End PBXVariantGroup section */

/* Begin XCBuildConfiguration section */
		6945F9262278BBD00097BBEB /* Debug */ = {
			isa = XCBuildConfiguration;
			buildSettings = {
				ALWAYS_SEARCH_USER_PATHS = NO;
				CLANG_ANALYZER_NONNULL = YES;
				CLANG_ANALYZER_NUMBER_OBJECT_CONVERSION = YES_AGGRESSIVE;
				CLANG_CXX_LANGUAGE_STANDARD = "gnu++14";
				CLANG_CXX_LIBRARY = "libc++";
				CLANG_ENABLE_MODULES = YES;
				CLANG_ENABLE_OBJC_ARC = YES;
				CLANG_ENABLE_OBJC_WEAK = YES;
				CLANG_WARN_BLOCK_CAPTURE_AUTORELEASING = YES;
				CLANG_WARN_BOOL_CONVERSION = YES;
				CLANG_WARN_COMMA = YES;
				CLANG_WARN_CONSTANT_CONVERSION = YES;
				CLANG_WARN_DEPRECATED_OBJC_IMPLEMENTATIONS = YES;
				CLANG_WARN_DIRECT_OBJC_ISA_USAGE = YES_ERROR;
				CLANG_WARN_DOCUMENTATION_COMMENTS = YES;
				CLANG_WARN_EMPTY_BODY = YES;
				CLANG_WARN_ENUM_CONVERSION = YES;
				CLANG_WARN_INFINITE_RECURSION = YES;
				CLANG_WARN_INT_CONVERSION = YES;
				CLANG_WARN_NON_LITERAL_NULL_CONVERSION = YES;
				CLANG_WARN_OBJC_IMPLICIT_RETAIN_SELF = YES;
				CLANG_WARN_OBJC_LITERAL_CONVERSION = YES;
				CLANG_WARN_OBJC_ROOT_CLASS = YES_ERROR;
				CLANG_WARN_RANGE_LOOP_ANALYSIS = YES;
				CLANG_WARN_STRICT_PROTOTYPES = YES;
				CLANG_WARN_SUSPICIOUS_MOVE = YES;
				CLANG_WARN_UNGUARDED_AVAILABILITY = YES_AGGRESSIVE;
				CLANG_WARN_UNREACHABLE_CODE = YES;
				CLANG_WARN__DUPLICATE_METHOD_MATCH = YES;
				CODE_SIGN_IDENTITY = "iPhone Developer";
				COPY_PHASE_STRIP = NO;
				DEBUG_INFORMATION_FORMAT = dwarf;
				ENABLE_STRICT_OBJC_MSGSEND = YES;
				ENABLE_TESTABILITY = YES;
				GCC_C_LANGUAGE_STANDARD = gnu11;
				GCC_DYNAMIC_NO_PIC = NO;
				GCC_NO_COMMON_BLOCKS = YES;
				GCC_OPTIMIZATION_LEVEL = 0;
				GCC_PREPROCESSOR_DEFINITIONS = (
					"DEBUG=1",
					"$(inherited)",
				);
				GCC_WARN_64_TO_32_BIT_CONVERSION = YES;
				GCC_WARN_ABOUT_RETURN_TYPE = YES_ERROR;
				GCC_WARN_UNDECLARED_SELECTOR = YES;
				GCC_WARN_UNINITIALIZED_AUTOS = YES_AGGRESSIVE;
				GCC_WARN_UNUSED_FUNCTION = YES;
				GCC_WARN_UNUSED_VARIABLE = YES;
				IPHONEOS_DEPLOYMENT_TARGET = 12.2;
				MTL_ENABLE_DEBUG_INFO = INCLUDE_SOURCE;
				MTL_FAST_MATH = YES;
				ONLY_ACTIVE_ARCH = YES;
				SDKROOT = iphoneos;
				SWIFT_ACTIVE_COMPILATION_CONDITIONS = DEBUG;
				SWIFT_OPTIMIZATION_LEVEL = "-Onone";
			};
			name = Debug;
		};
		6945F9272278BBD00097BBEB /* Release */ = {
			isa = XCBuildConfiguration;
			buildSettings = {
				ALWAYS_SEARCH_USER_PATHS = NO;
				CLANG_ANALYZER_NONNULL = YES;
				CLANG_ANALYZER_NUMBER_OBJECT_CONVERSION = YES_AGGRESSIVE;
				CLANG_CXX_LANGUAGE_STANDARD = "gnu++14";
				CLANG_CXX_LIBRARY = "libc++";
				CLANG_ENABLE_MODULES = YES;
				CLANG_ENABLE_OBJC_ARC = YES;
				CLANG_ENABLE_OBJC_WEAK = YES;
				CLANG_WARN_BLOCK_CAPTURE_AUTORELEASING = YES;
				CLANG_WARN_BOOL_CONVERSION = YES;
				CLANG_WARN_COMMA = YES;
				CLANG_WARN_CONSTANT_CONVERSION = YES;
				CLANG_WARN_DEPRECATED_OBJC_IMPLEMENTATIONS = YES;
				CLANG_WARN_DIRECT_OBJC_ISA_USAGE = YES_ERROR;
				CLANG_WARN_DOCUMENTATION_COMMENTS = YES;
				CLANG_WARN_EMPTY_BODY = YES;
				CLANG_WARN_ENUM_CONVERSION = YES;
				CLANG_WARN_INFINITE_RECURSION = YES;
				CLANG_WARN_INT_CONVERSION = YES;
				CLANG_WARN_NON_LITERAL_NULL_CONVERSION = YES;
				CLANG_WARN_OBJC_IMPLICIT_RETAIN_SELF = YES;
				CLANG_WARN_OBJC_LITERAL_CONVERSION = YES;
				CLANG_WARN_OBJC_ROOT_CLASS = YES_ERROR;
				CLANG_WARN_RANGE_LOOP_ANALYSIS = YES;
				CLANG_WARN_STRICT_PROTOTYPES = YES;
				CLANG_WARN_SUSPICIOUS_MOVE = YES;
				CLANG_WARN_UNGUARDED_AVAILABILITY = YES_AGGRESSIVE;
				CLANG_WARN_UNREACHABLE_CODE = YES;
				CLANG_WARN__DUPLICATE_METHOD_MATCH = YES;
				CODE_SIGN_IDENTITY = "iPhone Developer";
				COPY_PHASE_STRIP = NO;
				DEBUG_INFORMATION_FORMAT = "dwarf-with-dsym";
				ENABLE_NS_ASSERTIONS = NO;
				ENABLE_STRICT_OBJC_MSGSEND = YES;
				GCC_C_LANGUAGE_STANDARD = gnu11;
				GCC_NO_COMMON_BLOCKS = YES;
				GCC_WARN_64_TO_32_BIT_CONVERSION = YES;
				GCC_WARN_ABOUT_RETURN_TYPE = YES_ERROR;
				GCC_WARN_UNDECLARED_SELECTOR = YES;
				GCC_WARN_UNINITIALIZED_AUTOS = YES_AGGRESSIVE;
				GCC_WARN_UNUSED_FUNCTION = YES;
				GCC_WARN_UNUSED_VARIABLE = YES;
				IPHONEOS_DEPLOYMENT_TARGET = 12.2;
				MTL_ENABLE_DEBUG_INFO = NO;
				MTL_FAST_MATH = YES;
				SDKROOT = iphoneos;
				SWIFT_COMPILATION_MODE = wholemodule;
				SWIFT_OPTIMIZATION_LEVEL = "-O";
				VALIDATE_PRODUCT = YES;
			};
			name = Release;
		};
		6945F9292278BBD00097BBEB /* Debug */ = {
			isa = XCBuildConfiguration;
			buildSettings = {
				ASSETCATALOG_COMPILER_APPICON_NAME = AppIcon;
				CODE_SIGN_STYLE = Automatic;
				DEVELOPMENT_TEAM = 8J39KF9DMS;
				INFOPLIST_FILE = "$(SRCROOT)/Personal Quiz/Supporting Files/Info.plist";
				LD_RUNPATH_SEARCH_PATHS = (
					"$(inherited)",
					"@executable_path/Frameworks",
				);
				PRODUCT_BUNDLE_IDENTIFIER = "ru.learnSwift.Personal-Quiz";
				PRODUCT_NAME = "$(TARGET_NAME)";
				SWIFT_VERSION = 5.0;
				TARGETED_DEVICE_FAMILY = "1,2";
			};
			name = Debug;
		};
		6945F92A2278BBD00097BBEB /* Release */ = {
			isa = XCBuildConfiguration;
			buildSettings = {
				ASSETCATALOG_COMPILER_APPICON_NAME = AppIcon;
				CODE_SIGN_STYLE = Automatic;
				DEVELOPMENT_TEAM = 8J39KF9DMS;
				INFOPLIST_FILE = "$(SRCROOT)/Personal Quiz/Supporting Files/Info.plist";
				LD_RUNPATH_SEARCH_PATHS = (
					"$(inherited)",
					"@executable_path/Frameworks",
				);
				PRODUCT_BUNDLE_IDENTIFIER = "ru.learnSwift.Personal-Quiz";
				PRODUCT_NAME = "$(TARGET_NAME)";
				SWIFT_VERSION = 5.0;
				TARGETED_DEVICE_FAMILY = "1,2";
			};
			name = Release;
		};
/* End XCBuildConfiguration section */

/* Begin XCConfigurationList section */
		6945F9112278BBC70097BBEB /* Build configuration list for PBXProject "Personal Quiz" */ = {
			isa = XCConfigurationList;
			buildConfigurations = (
				6945F9262278BBD00097BBEB /* Debug */,
				6945F9272278BBD00097BBEB /* Release */,
			);
			defaultConfigurationIsVisible = 0;
			defaultConfigurationName = Release;
		};
		6945F9282278BBD00097BBEB /* Build configuration list for PBXNativeTarget "Personal Quiz" */ = {
			isa = XCConfigurationList;
			buildConfigurations = (
				6945F9292278BBD00097BBEB /* Debug */,
				6945F92A2278BBD00097BBEB /* Release */,
			);
			defaultConfigurationIsVisible = 0;
			defaultConfigurationName = Release;
		};
/* End XCConfigurationList section */
	};
	rootObject = 6945F90E2278BBC70097BBEB /* Project object */;
}
